
Microsoft Visual Studio Solution File, Format Version 12.00
# Visual Studio Version 16
VisualStudioVersion = 16.0.31702.278
MinimumVisualStudioVersion = 10.0.40219.1
Project("{FAE04EC0-301F-11D3-BF4B-00C04F79EFBC}") = "ShadeClient", "ShadeClient\ShadeClient.csproj", "{35A15C6A-5398-451A-9AA4-ADA8986CC229}"
EndProject
Global
	GlobalSection(SolutionConfigurationPlatforms) = preSolution
		Debug|Any CPU = Debug|Any CPU
		Release|Any CPU = Release|Any CPU
	EndGlobalSection
	GlobalSection(ProjectConfigurationPlatforms) = postSolution
		{35A15C6A-5398-451A-9AA4-ADA8986CC229}.Debug|Any CPU.ActiveCfg = Debug|Any CPU
		{35A15C6A-5398-451A-9AA4-ADA8986CC229}.Debug|Any CPU.Build.0 = Debug|Any CPU
		{35A15C6A-5398-451A-9AA4-ADA8986CC229}.Release|Any CPU.ActiveCfg = Release|Any CPU
		{35A15C6A-5398-451A-9AA4-ADA8986CC229}.Release|Any CPU.Build.0 = Release|Any CPU
	EndGlobalSection
	GlobalSection(SolutionProperties) = preSolution
		HideSolutionNode = FALSE
	EndGlobalSection
	GlobalSection(ExtensibilityGlobals) = postSolution
		SolutionGuid = {4E2FA7C5-4399-46AF-A032-4E912C742EF2}
	EndGlobalSection
EndGlobal
